
Microsoft Visual Studio Solution File, Format Version 12.00
# Visual Studio 15
VisualStudioVersion = 15.0.27130.2026
MinimumVisualStudioVersion = 10.0.40219.1
Project("{FAE04EC0-301F-11D3-BF4B-00C04F79EFBC}") = "Bellevues.Web", "Bellevues.Web\Bellevues.Web.csproj", "{741663A2-992F-429A-83CD-9C2FAAC46533}"
EndProject
Project("{2150E333-8FDC-42A3-9474-1A3956D46DE8}") = "Tools", "Tools", "{87B75FAF-36B2-4581-A9D7-1119FFF49F39}"
	ProjectSection(SolutionItems) = preProject
		Tools\AzureContinuousDeployment.11.xaml = Tools\AzureContinuousDeployment.11.xaml
		Tools\Resharper.DotSettings = Tools\Resharper.DotSettings
		Tools\Rules.ruleset = Tools\Rules.ruleset
		Tools\Settings.StyleCop = Tools\Settings.StyleCop
		Tools\VisualStudio2012.vssettings = Tools\VisualStudio2012.vssettings
	EndProjectSection
EndProject
Project("{FAE04EC0-301F-11D3-BF4B-00C04F79EFBC}") = "Bellevues.Common", "Bellevues.Common\Bellevues.Common.csproj", "{75AD4339-F565-4EE3-9816-668EA284D73F}"
EndProject
Project("{FAE04EC0-301F-11D3-BF4B-00C04F79EFBC}") = "Bellevues.Blog", "Bellevues.Blog\Bellevues.Blog.csproj", "{7EAC1C29-2703-4F43-8998-A843B16593A0}"
EndProject
Global
	GlobalSection(SolutionConfigurationPlatforms) = preSolution
		Debug|Any CPU = Debug|Any CPU
		Release|Any CPU = Release|Any CPU
	EndGlobalSection
	GlobalSection(ProjectConfigurationPlatforms) = postSolution
		{741663A2-992F-429A-83CD-9C2FAAC46533}.Debug|Any CPU.ActiveCfg = Debug|Any CPU
		{741663A2-992F-429A-83CD-9C2FAAC46533}.Debug|Any CPU.Build.0 = Debug|Any CPU
		{741663A2-992F-429A-83CD-9C2FAAC46533}.Release|Any CPU.ActiveCfg = Release|Any CPU
		{741663A2-992F-429A-83CD-9C2FAAC46533}.Release|Any CPU.Build.0 = Release|Any CPU
		{75AD4339-F565-4EE3-9816-668EA284D73F}.Debug|Any CPU.ActiveCfg = Debug|Any CPU
		{75AD4339-F565-4EE3-9816-668EA284D73F}.Debug|Any CPU.Build.0 = Debug|Any CPU
		{75AD4339-F565-4EE3-9816-668EA284D73F}.Release|Any CPU.ActiveCfg = Release|Any CPU
		{75AD4339-F565-4EE3-9816-668EA284D73F}.Release|Any CPU.Build.0 = Release|Any CPU
		{7EAC1C29-2703-4F43-8998-A843B16593A0}.Debug|Any CPU.ActiveCfg = Debug|Any CPU
		{7EAC1C29-2703-4F43-8998-A843B16593A0}.Debug|Any CPU.Build.0 = Debug|Any CPU
		{7EAC1C29-2703-4F43-8998-A843B16593A0}.Release|Any CPU.ActiveCfg = Release|Any CPU
		{7EAC1C29-2703-4F43-8998-A843B16593A0}.Release|Any CPU.Build.0 = Release|Any CPU
	EndGlobalSection
	GlobalSection(SolutionProperties) = preSolution
		HideSolutionNode = FALSE
	EndGlobalSection
	GlobalSection(ExtensibilityGlobals) = postSolution
		SolutionGuid = {E905FF67-8059-44F2-9048-AE9A8FC3DA7B}
	EndGlobalSection
EndGlobal
